
Microsoft Visual Studio Solution File, Format Version 12.00
# Visual Studio Version 17
VisualStudioVersion = 17.1.32328.378
MinimumVisualStudioVersion = 10.0.40219.1
Project("{9A19103F-16F7-4668-BE54-9A1E7A4F7556}") = "Labs.Hangfire.Continuations", "Labs.Hangfire.Continuations\Labs.Hangfire.Continuations.csproj", "{28211FC6-0C88-4904-974C-2F6977B16687}"
EndProject
Global
	GlobalSection(SolutionConfigurationPlatforms) = preSolution
		Debug|Any CPU = Debug|Any CPU
		Release|Any CPU = Release|Any CPU
	EndGlobalSection
	GlobalSection(ProjectConfigurationPlatforms) = postSolution
		{28211FC6-0C88-4904-974C-2F6977B16687}.Debug|Any CPU.ActiveCfg = Debug|Any CPU
		{28211FC6-0C88-4904-974C-2F6977B16687}.Debug|Any CPU.Build.0 = Debug|Any CPU
		{28211FC6-0C88-4904-974C-2F6977B16687}.Release|Any CPU.ActiveCfg = Release|Any CPU
		{28211FC6-0C88-4904-974C-2F6977B16687}.Release|Any CPU.Build.0 = Release|Any CPU
	EndGlobalSection
	GlobalSection(SolutionProperties) = preSolution
		HideSolutionNode = FALSE
	EndGlobalSection
	GlobalSection(ExtensibilityGlobals) = postSolution
		SolutionGuid = {63289417-1722-4B68-B75F-60C3283AEFCA}
	EndGlobalSection
EndGlobal
